{
  "name": "js-framework-benchmark-swayer",
  "version": "1.0.0",
  "lockfileVersion": 3,
  "requires": true,
  "packages": {
    "": {
      "name": "js-framework-benchmark-swayer",
      "version": "1.0.0",
      "license": "Apache-2.0",
      "dependencies": {
        "swayer": "../../"
      }
    },
    "../..": {
      "version": "1.0.0-alpha.5",
      "license": "MIT",
      "dependencies": {
        "jsdom": "^21.1.0",
        "pretty": "^2.0.0",
        "terser": "^5.16.3"
      },
      "bin": {
        "swr": "bin/swr.js"
      },
      "devDependencies": {
        "@types/node": "^18.13.0",
        "@typescript-eslint/eslint-plugin": "^5.52.0",
        "@typescript-eslint/parser": "^5.52.0",
        "eslint": "^8.34.0",
        "eslint-config-metarhia": "^8.1.0",
        "globals": "^13.20.0",
        "typescript": "^4.9.5"
      },
      "engines": {
        "node": ">=16.0.0"
      },
      "funding": {
        "type": "patreon",
        "url": "https://www.patreon.com/rohiievych"
      }
    },
    "node_modules/swayer": {
      "resolved": "../..",
      "link": true
    }
  }
}
